
Microsoft Visual Studio Solution File, Format Version 12.00
# Visual Studio Version 17
VisualStudioVersion = 17.0.32126.317
MinimumVisualStudioVersion = 10.0.40219.1
Project("{FAE04EC0-301F-11D3-BF4B-00C04F79EFBC}") = "Krestiki_Noliki.Android", "Krestiki_Noliki\Krestiki_Noliki.Android\Krestiki_Noliki.Android.csproj", "{01290EC4-CFDF-4C23-ADD6-531D8F946D1B}"
EndProject
Project("{FAE04EC0-301F-11D3-BF4B-00C04F79EFBC}") = "Krestiki_Noliki", "Krestiki_Noliki\Krestiki_Noliki\Krestiki_Noliki.csproj", "{A9560C85-6E05-414A-9051-4087D317F133}"
EndProject
Global
	GlobalSection(SolutionConfigurationPlatforms) = preSolution
		Debug|Any CPU = Debug|Any CPU
		Release|Any CPU = Release|Any CPU
	EndGlobalSection
	GlobalSection(ProjectConfigurationPlatforms) = postSolution
		{01290EC4-CFDF-4C23-ADD6-531D8F946D1B}.Debug|Any CPU.ActiveCfg = Debug|Any CPU
		{01290EC4-CFDF-4C23-ADD6-531D8F946D1B}.Debug|Any CPU.Build.0 = Debug|Any CPU
		{01290EC4-CFDF-4C23-ADD6-531D8F946D1B}.Debug|Any CPU.Deploy.0 = Debug|Any CPU
		{01290EC4-CFDF-4C23-ADD6-531D8F946D1B}.Release|Any CPU.ActiveCfg = Release|Any CPU
		{01290EC4-CFDF-4C23-ADD6-531D8F946D1B}.Release|Any CPU.Build.0 = Release|Any CPU
		{01290EC4-CFDF-4C23-ADD6-531D8F946D1B}.Release|Any CPU.Deploy.0 = Release|Any CPU
		{A9560C85-6E05-414A-9051-4087D317F133}.Debug|Any CPU.ActiveCfg = Debug|Any CPU
		{A9560C85-6E05-414A-9051-4087D317F133}.Debug|Any CPU.Build.0 = Debug|Any CPU
		{A9560C85-6E05-414A-9051-4087D317F133}.Debug|Any CPU.Deploy.0 = Debug|Any CPU
		{A9560C85-6E05-414A-9051-4087D317F133}.Release|Any CPU.ActiveCfg = Release|Any CPU
		{A9560C85-6E05-414A-9051-4087D317F133}.Release|Any CPU.Build.0 = Release|Any CPU
		{A9560C85-6E05-414A-9051-4087D317F133}.Release|Any CPU.Deploy.0 = Release|Any CPU
	EndGlobalSection
	GlobalSection(SolutionProperties) = preSolution
		HideSolutionNode = FALSE
	EndGlobalSection
	GlobalSection(ExtensibilityGlobals) = postSolution
		SolutionGuid = {87CE9BAF-2122-47B0-BB3F-43F041318615}
	EndGlobalSection
EndGlobal
